// !$*UTF8*$!
{
	archiveVersion = 1;
	classes = {
	};
	objectVersion = 77;
	objects = {

/* Begin PBXBuildFile section */
		09C4C7A3A37AEC0AE2AB8837 /* ButlerIconSize.swift in Sources */ = {isa = PBXBuildFile; fileRef = E745DFA94763AF92797AF9B0 /* ButlerIconSize.swift */; };
		0B8A00C05740714CA09EA3DF /* AiChatViewModelWrapper.swift in Sources */ = {isa = PBXBuildFile; fileRef = 9127CC9BB55BC761853552F0 /* AiChatViewModelWrapper.swift */; };
		1211B65CDB19EBD3475155ED /* AddBatteryEventViewModelWrapper.swift in Sources */ = {isa = PBXBuildFile; fileRef = 348ECD40844BC056AA8019FF /* AddBatteryEventViewModelWrapper.swift */; };
		14C9539A085FC4157ED6ECCB /* EventDetailViewModelWrapper.swift in Sources */ = {isa = PBXBuildFile; fileRef = 484371A677F858AB3865E844 /* EventDetailViewModelWrapper.swift */; };
		17583375029A96F5152F5B92 /* AddDeviceScreenTests.swift in Sources */ = {isa = PBXBuildFile; fileRef = C7FFABCF0C5C31A595C3F1CF /* AddDeviceScreenTests.swift */; };
		1B738E7DBF7242EC0DB27A36 /* HistoryListScreenTests.swift in Sources */ = {isa = PBXBuildFile; fileRef = 5B969CDAC29B255B6A99F0A8 /* HistoryListScreenTests.swift */; };
		1C334F3F015C1D39485934F7 /* BatteryAgeHelper.swift in Sources */ = {isa = PBXBuildFile; fileRef = 36C882E51E3C5A80D0CEDBDA /* BatteryAgeHelper.swift */; };
		246295A22F14EEF40047C600 /* AddDeviceScreen.swift in Sources */ = {isa = PBXBuildFile; fileRef = 2462958F2F14EEF40047C600 /* AddDeviceScreen.swift */; };
		246295A32F14EEF40047C600 /* MainTab.swift in Sources */ = {isa = PBXBuildFile; fileRef = 2462959C2F14EEF40047C600 /* MainTab.swift */; };
		246295A42F14EEF40047C600 /* MainScreen.swift in Sources */ = {isa = PBXBuildFile; fileRef = 2462959B2F14EEF40047C600 /* MainScreen.swift */; };
		246295A52F14EEF40047C600 /* ViewModelWrapper.swift in Sources */ = {isa = PBXBuildFile; fileRef = 2462958D2F14EEF40047C600 /* ViewModelWrapper.swift */; };
		246295A62F14EEF40047C600 /* DeviceRow.swift in Sources */ = {isa = PBXBuildFile; fileRef = 246295982F14EEF40047C600 /* DeviceRow.swift */; };
		246295A72F14EEF40047C600 /* HistoryListScreen.swift in Sources */ = {isa = PBXBuildFile; fileRef = 246295952F14EEF40047C600 /* HistoryListScreen.swift */; };
		246295A92F14EEF40047C600 /* SettingsViewModelWrapper.swift in Sources */ = {isa = PBXBuildFile; fileRef = 2462959F2F14EEF40047C600 /* SettingsViewModelWrapper.swift */; };
		246295AA2F14EEF40047C600 /* DeviceDetailScreen.swift in Sources */ = {isa = PBXBuildFile; fileRef = 246295922F14EEF40047C600 /* DeviceDetailScreen.swift */; };
		246295AB2F14EEF40047C600 /* HistoryListViewModelWrapper.swift in Sources */ = {isa = PBXBuildFile; fileRef = 246295962F14EEF40047C600 /* HistoryListViewModelWrapper.swift */; };
		246295AC2F14EEF40047C600 /* AddDeviceViewModelWrapper.swift in Sources */ = {isa = PBXBuildFile; fileRef = 246295902F14EEF40047C600 /* AddDeviceViewModelWrapper.swift */; };
		246295AD2F14EEF40047C600 /* HomeScreen.swift in Sources */ = {isa = PBXBuildFile; fileRef = 246295992F14EEF40047C600 /* HomeScreen.swift */; };
		246295AE2F14EEF40047C600 /* SettingsScreen.swift in Sources */ = {isa = PBXBuildFile; fileRef = 2462959E2F14EEF40047C600 /* SettingsScreen.swift */; };
		246295AF2F14EEF40047C600 /* DeviceDetailViewModelWrapper.swift in Sources */ = {isa = PBXBuildFile; fileRef = 246295932F14EEF40047C600 /* DeviceDetailViewModelWrapper.swift */; };
		24ABD5782F1CEC230036E1DD /* EditDeviceTypeViewModelWrapper.swift in Sources */ = {isa = PBXBuildFile; fileRef = 24ABD5762F1CEC230036E1DD /* EditDeviceTypeViewModelWrapper.swift */; };
		24ABD5792F1CEC230036E1DD /* DeviceTypeListViewModelWrapper.swift in Sources */ = {isa = PBXBuildFile; fileRef = 24ABD5732F1CEC230036E1DD /* DeviceTypeListViewModelWrapper.swift */; };
		24ABD57A2F1CEC230036E1DD /* EditDeviceTypeScreen.swift in Sources */ = {isa = PBXBuildFile; fileRef = 24ABD5752F1CEC230036E1DD /* EditDeviceTypeScreen.swift */; };
		24ABD57B2F1CEC230036E1DD /* AddDeviceTypeViewModelWrapper.swift in Sources */ = {isa = PBXBuildFile; fileRef = 24ABD5712F1CEC230036E1DD /* AddDeviceTypeViewModelWrapper.swift */; };
		24ABD57C2F1CEC230036E1DD /* DeviceTypeListScreen.swift in Sources */ = {isa = PBXBuildFile; fileRef = 24ABD5722F1CEC230036E1DD /* DeviceTypeListScreen.swift */; };
		24ABD57D2F1CEC230036E1DD /* AddDeviceTypeScreen.swift in Sources */ = {isa = PBXBuildFile; fileRef = 24ABD5702F1CEC230036E1DD /* AddDeviceTypeScreen.swift */; };
		24ABD57E2F1CEC230036E1DD /* DeviceTypeRow.swift in Sources */ = {isa = PBXBuildFile; fileRef = 24ABD5742F1CEC230036E1DD /* DeviceTypeRow.swift */; };
		2855F56B7B730259E73A04CD /* EditDeviceViewModelWrapper.swift in Sources */ = {isa = PBXBuildFile; fileRef = 28903408708ECF67A8991592 /* EditDeviceViewModelWrapper.swift */; };
		2FA78B928A0A3E325BA1D464 /* EditDeviceScreenTests.swift in Sources */ = {isa = PBXBuildFile; fileRef = 6C424550B976EA19E32F00C2 /* EditDeviceScreenTests.swift */; };
		34B076CFB1DCC5E0A5B30622 /* KmpInteropTests.swift in Sources */ = {isa = PBXBuildFile; fileRef = 7BD21B88039A180BE432D829 /* KmpInteropTests.swift */; };
		3817672E5800D02B74BBCAE6 /* Foundation.framework in Frameworks */ = {isa = PBXBuildFile; fileRef = 171E07C13F4D360A2E8F8F1B /* Foundation.framework */; };
		3F7D7AB1C26C22E8C0769793 /* EditBatteryEventScreenTests.swift in Sources */ = {isa = PBXBuildFile; fileRef = B3170F3330B0DB17C06BD2DC /* EditBatteryEventScreenTests.swift */; };
		4205D2EA3201CE5260E36CC6 /* ButlerSpacing.swift in Sources */ = {isa = PBXBuildFile; fileRef = E928FDF7E978787EE2AEC52F /* ButlerSpacing.swift */; };
		455C3A62D09593ABF1CB2D3D /* DeviceTypeDetailViewModelWrapper.swift in Sources */ = {isa = PBXBuildFile; fileRef = 2627A06EE560ED0714722885 /* DeviceTypeDetailViewModelWrapper.swift */; };
		4965F8DE9488CA44D1213210 /* HomeScreenTests.swift in Sources */ = {isa = PBXBuildFile; fileRef = 16D54F827E245B0DE9785703 /* HomeScreenTests.swift */; };
		512CC7D51E6C42B5C0FF3F5F /* DeviceDetailScreenTests.swift in Sources */ = {isa = PBXBuildFile; fileRef = 417E5F5994DD57326CBFBB02 /* DeviceDetailScreenTests.swift */; };
		69167925374428CD712E239D /* SFSymbolMapper.swift in Sources */ = {isa = PBXBuildFile; fileRef = 4E844014BE2F02549004580F /* SFSymbolMapper.swift */; };
		77177175D5AE0F2363AB6DDA /* AiChatScreen.swift in Sources */ = {isa = PBXBuildFile; fileRef = 18BC9C9B9E6E29A48DCAC5C2 /* AiChatScreen.swift */; };
		7837EFBEECD11652F225A828 /* MessageRowTests.swift in Sources */ = {isa = PBXBuildFile; fileRef = C64AF092C61D54E3E0BB972E /* MessageRowTests.swift */; };
		785C51ADA7A324EE132F276A /* ButlerIconBox.swift in Sources */ = {isa = PBXBuildFile; fileRef = C2E97FAF9E58B3B6789E5657 /* ButlerIconBox.swift */; };
		7B995C9514A7E13CDD597E53 /* EventDetailScreen.swift in Sources */ = {isa = PBXBuildFile; fileRef = EBB2BC212BA886F9EA0057B5 /* EventDetailScreen.swift */; };
		82BCF8FE74F6D132CE79F1B5 /* DeviceTypeDetailScreenTests.swift in Sources */ = {isa = PBXBuildFile; fileRef = DFFB914D7CB3EE76065E96D9 /* DeviceTypeDetailScreenTests.swift */; };
		8A840B0B44DA5BED1152B8B2 /* AddDeviceTypeScreenTests.swift in Sources */ = {isa = PBXBuildFile; fileRef = 3C97AD8F27356E0133B28ADE /* AddDeviceTypeScreenTests.swift */; };
		998E133AD56CF4D0A133506A /* EditDeviceScreen.swift in Sources */ = {isa = PBXBuildFile; fileRef = 4217F0EB61A27BAB5D26D37A /* EditDeviceScreen.swift */; };
		9C2D5FB0AF0B031138E5AEC3 /* DeviceTypeListScreenTests.swift in Sources */ = {isa = PBXBuildFile; fileRef = 3FDAA129CFA4B9C38F69243C /* DeviceTypeListScreenTests.swift */; };
		9E310559114A9C3509F5106D /* LoginScreen.swift in Sources */ = {isa = PBXBuildFile; fileRef = 05276AAFBE18E0BD342E186F /* LoginScreen.swift */; };
		9EC6A2E16CEA57929E345F5C /* LoginViewModelWrapper.swift in Sources */ = {isa = PBXBuildFile; fileRef = 4D976428F6B0003DDB354405 /* LoginViewModelWrapper.swift */; };
		A57202E629408A9C8F778165 /* EventDetailScreenTests.swift in Sources */ = {isa = PBXBuildFile; fileRef = EEFA05173F04BE4075FBABA5 /* EventDetailScreenTests.swift */; };
		A74A111ED72A22540285B044 /* DeviceTypeDetailScreen.swift in Sources */ = {isa = PBXBuildFile; fileRef = 62EEFBA1150A1B5BB4BE34E7 /* DeviceTypeDetailScreen.swift */; };
		AE530C71EB0F1899C36F2C0D /* ButlerCornerRadius.swift in Sources */ = {isa = PBXBuildFile; fileRef = 63736EB2CA3F58B280FBFA96 /* ButlerCornerRadius.swift */; };
		AG1000000000000000000002 /* Generated in Sources */ = {isa = PBXBuildFile; fileRef = AG1000000000000000000001 /* Generated */; };
		B2E94A4898D213A80796E832 /* SettingsScreenTests.swift in Sources */ = {isa = PBXBuildFile; fileRef = F369A0F48183F2527CD88B41 /* SettingsScreenTests.swift */; };
		B675B24ABC559905E825F17A /* DeviceRowTests.swift in Sources */ = {isa = PBXBuildFile; fileRef = 72E31482FD860FC114F618F9 /* DeviceRowTests.swift */; };
		B98DBAFBE2DC0C16669CB684 /* TestData.swift in Sources */ = {isa = PBXBuildFile; fileRef = 8EBF127BDE68EF62BDAFA150 /* TestData.swift */; };
		C10C30F6B2130F078F2BDA75 /* EditDeviceTypeScreenTests.swift in Sources */ = {isa = PBXBuildFile; fileRef = F33A7778DFBA813603E9B307 /* EditDeviceTypeScreenTests.swift */; };
		C988F312CE053CB66B0F89C0 /* EditBatteryEventViewModelWrapper.swift in Sources */ = {isa = PBXBuildFile; fileRef = C46977DF8A1474A6D23CE03F /* EditBatteryEventViewModelWrapper.swift */; };
		E0A8DE9231A158420BA314E6 /* EditBatteryEventScreen.swift in Sources */ = {isa = PBXBuildFile; fileRef = DFE633CDE982339D210E430D /* EditBatteryEventScreen.swift */; };
		E4372088B04337437E52E822 /* LoginScreenTests.swift in Sources */ = {isa = PBXBuildFile; fileRef = 02CE71A2E10346985C7A7006 /* LoginScreenTests.swift */; };
		E6A9ECE54EB11428104907E6 /* AiChatScreenTests.swift in Sources */ = {isa = PBXBuildFile; fileRef = 9C6AF38EDA50AE221A59AC4B /* AiChatScreenTests.swift */; };
		E6EB00919B8BE1AFBFBB8734 /* DeviceTypeRowTests.swift in Sources */ = {isa = PBXBuildFile; fileRef = 03A47AB044FC5D4C786970EE /* DeviceTypeRowTests.swift */; };
		E9FB7497FF4ADBFB164B431C /* SimpleSnapshotTests.swift in Sources */ = {isa = PBXBuildFile; fileRef = D8F821268475E1398BE0B048 /* SimpleSnapshotTests.swift */; };
		F3F4E0A0D24D24C957EE8ECF /* ButlerColors.swift in Sources */ = {isa = PBXBuildFile; fileRef = B50A0F9CABC4E39A5F7BCAAB /* ButlerColors.swift */; };
		F6F9C4B2E592FAFBFA1FD460 /* AddBatteryEventScreen.swift in Sources */ = {isa = PBXBuildFile; fileRef = 6161923E993256241FF44A49 /* AddBatteryEventScreen.swift */; };
		FBA8D6CCEF62C27710F0AF2C /* AddBatteryEventScreenTests.swift in Sources */ = {isa = PBXBuildFile; fileRef = 32F2E55509C388E5CC4D034F /* AddBatteryEventScreenTests.swift */; };
/* End PBXBuildFile section */

/* Begin PBXContainerItemProxy section */
		BD8556C4F89483AF0CEC13D8 /* PBXContainerItemProxy */ = {
			isa = PBXContainerItemProxy;
			containerPortal = B9DA97A92DC1472C00A4DA20 /* Project object */;
			proxyType = 1;
			remoteGlobalIDString = B9DA97B02DC1472C00A4DA20;
			remoteInfo = iosAppSwiftUI;
		};
/* End PBXContainerItemProxy section */

/* Begin PBXFileReference section */
		02CE71A2E10346985C7A7006 /* LoginScreenTests.swift */ = {isa = PBXFileReference; includeInIndex = 1; lastKnownFileType = sourcecode.swift; path = LoginScreenTests.swift; sourceTree = "<group>"; };
		03A47AB044FC5D4C786970EE /* DeviceTypeRowTests.swift */ = {isa = PBXFileReference; includeInIndex = 1; lastKnownFileType = sourcecode.swift; path = DeviceTypeRowTests.swift; sourceTree = "<group>"; };
		05276AAFBE18E0BD342E186F /* LoginScreen.swift */ = {isa = PBXFileReference; includeInIndex = 1; lastKnownFileType = sourcecode.swift; path = LoginScreen.swift; sourceTree = "<group>"; };
		16D54F827E245B0DE9785703 /* HomeScreenTests.swift */ = {isa = PBXFileReference; includeInIndex = 1; lastKnownFileType = sourcecode.swift; path = HomeScreenTests.swift; sourceTree = "<group>"; };
		171E07C13F4D360A2E8F8F1B /* Foundation.framework */ = {isa = PBXFileReference; lastKnownFileType = wrapper.framework; name = Foundation.framework; path = Platforms/iPhoneOS.platform/Developer/SDKs/iPhoneOS18.0.sdk/System/Library/Frameworks/Foundation.framework; sourceTree = DEVELOPER_DIR; };
		18BC9C9B9E6E29A48DCAC5C2 /* AiChatScreen.swift */ = {isa = PBXFileReference; includeInIndex = 1; lastKnownFileType = sourcecode.swift; path = AiChatScreen.swift; sourceTree = "<group>"; };
		2462958D2F14EEF40047C600 /* ViewModelWrapper.swift */ = {isa = PBXFileReference; lastKnownFileType = sourcecode.swift; path = ViewModelWrapper.swift; sourceTree = "<group>"; };
		2462958F2F14EEF40047C600 /* AddDeviceScreen.swift */ = {isa = PBXFileReference; lastKnownFileType = sourcecode.swift; path = AddDeviceScreen.swift; sourceTree = "<group>"; };
		246295902F14EEF40047C600 /* AddDeviceViewModelWrapper.swift */ = {isa = PBXFileReference; lastKnownFileType = sourcecode.swift; path = AddDeviceViewModelWrapper.swift; sourceTree = "<group>"; };
		246295922F14EEF40047C600 /* DeviceDetailScreen.swift */ = {isa = PBXFileReference; lastKnownFileType = sourcecode.swift; path = DeviceDetailScreen.swift; sourceTree = "<group>"; };
		246295932F14EEF40047C600 /* DeviceDetailViewModelWrapper.swift */ = {isa = PBXFileReference; lastKnownFileType = sourcecode.swift; path = DeviceDetailViewModelWrapper.swift; sourceTree = "<group>"; };
		246295952F14EEF40047C600 /* HistoryListScreen.swift */ = {isa = PBXFileReference; lastKnownFileType = sourcecode.swift; path = HistoryListScreen.swift; sourceTree = "<group>"; };
		246295962F14EEF40047C600 /* HistoryListViewModelWrapper.swift */ = {isa = PBXFileReference; lastKnownFileType = sourcecode.swift; path = HistoryListViewModelWrapper.swift; sourceTree = "<group>"; };
		246295982F14EEF40047C600 /* DeviceRow.swift */ = {isa = PBXFileReference; lastKnownFileType = sourcecode.swift; path = DeviceRow.swift; sourceTree = "<group>"; };
		246295992F14EEF40047C600 /* HomeScreen.swift */ = {isa = PBXFileReference; lastKnownFileType = sourcecode.swift; path = HomeScreen.swift; sourceTree = "<group>"; };
		2462959B2F14EEF40047C600 /* MainScreen.swift */ = {isa = PBXFileReference; lastKnownFileType = sourcecode.swift; path = MainScreen.swift; sourceTree = "<group>"; };
		2462959C2F14EEF40047C600 /* MainTab.swift */ = {isa = PBXFileReference; lastKnownFileType = sourcecode.swift; path = MainTab.swift; sourceTree = "<group>"; };
		2462959E2F14EEF40047C600 /* SettingsScreen.swift */ = {isa = PBXFileReference; lastKnownFileType = sourcecode.swift; path = SettingsScreen.swift; sourceTree = "<group>"; };
		2462959F2F14EEF40047C600 /* SettingsViewModelWrapper.swift */ = {isa = PBXFileReference; lastKnownFileType = sourcecode.swift; path = SettingsViewModelWrapper.swift; sourceTree = "<group>"; };
		24ABD5702F1CEC230036E1DD /* AddDeviceTypeScreen.swift */ = {isa = PBXFileReference; lastKnownFileType = sourcecode.swift; path = AddDeviceTypeScreen.swift; sourceTree = "<group>"; };
		24ABD5712F1CEC230036E1DD /* AddDeviceTypeViewModelWrapper.swift */ = {isa = PBXFileReference; lastKnownFileType = sourcecode.swift; path = AddDeviceTypeViewModelWrapper.swift; sourceTree = "<group>"; };
		24ABD5722F1CEC230036E1DD /* DeviceTypeListScreen.swift */ = {isa = PBXFileReference; lastKnownFileType = sourcecode.swift; path = DeviceTypeListScreen.swift; sourceTree = "<group>"; };
		24ABD5732F1CEC230036E1DD /* DeviceTypeListViewModelWrapper.swift */ = {isa = PBXFileReference; lastKnownFileType = sourcecode.swift; path = DeviceTypeListViewModelWrapper.swift; sourceTree = "<group>"; };
		24ABD5742F1CEC230036E1DD /* DeviceTypeRow.swift */ = {isa = PBXFileReference; lastKnownFileType = sourcecode.swift; path = DeviceTypeRow.swift; sourceTree = "<group>"; };
		24ABD5752F1CEC230036E1DD /* EditDeviceTypeScreen.swift */ = {isa = PBXFileReference; lastKnownFileType = sourcecode.swift; path = EditDeviceTypeScreen.swift; sourceTree = "<group>"; };
		24ABD5762F1CEC230036E1DD /* EditDeviceTypeViewModelWrapper.swift */ = {isa = PBXFileReference; lastKnownFileType = sourcecode.swift; path = EditDeviceTypeViewModelWrapper.swift; sourceTree = "<group>"; };
		2627A06EE560ED0714722885 /* DeviceTypeDetailViewModelWrapper.swift */ = {isa = PBXFileReference; includeInIndex = 1; lastKnownFileType = sourcecode.swift; path = DeviceTypeDetailViewModelWrapper.swift; sourceTree = "<group>"; };
		28903408708ECF67A8991592 /* EditDeviceViewModelWrapper.swift */ = {isa = PBXFileReference; includeInIndex = 1; lastKnownFileType = sourcecode.swift; path = EditDeviceViewModelWrapper.swift; sourceTree = "<group>"; };
		32F2E55509C388E5CC4D034F /* AddBatteryEventScreenTests.swift */ = {isa = PBXFileReference; includeInIndex = 1; lastKnownFileType = sourcecode.swift; path = AddBatteryEventScreenTests.swift; sourceTree = "<group>"; };
		348ECD40844BC056AA8019FF /* AddBatteryEventViewModelWrapper.swift */ = {isa = PBXFileReference; includeInIndex = 1; lastKnownFileType = sourcecode.swift; path = AddBatteryEventViewModelWrapper.swift; sourceTree = "<group>"; };
		36C882E51E3C5A80D0CEDBDA /* BatteryAgeHelper.swift */ = {isa = PBXFileReference; includeInIndex = 1; lastKnownFileType = sourcecode.swift; path = BatteryAgeHelper.swift; sourceTree = "<group>"; };
		3C97AD8F27356E0133B28ADE /* AddDeviceTypeScreenTests.swift */ = {isa = PBXFileReference; includeInIndex = 1; lastKnownFileType = sourcecode.swift; path = AddDeviceTypeScreenTests.swift; sourceTree = "<group>"; };
		3FDAA129CFA4B9C38F69243C /* DeviceTypeListScreenTests.swift */ = {isa = PBXFileReference; includeInIndex = 1; lastKnownFileType = sourcecode.swift; path = DeviceTypeListScreenTests.swift; sourceTree = "<group>"; };
		417E5F5994DD57326CBFBB02 /* DeviceDetailScreenTests.swift */ = {isa = PBXFileReference; includeInIndex = 1; lastKnownFileType = sourcecode.swift; path = DeviceDetailScreenTests.swift; sourceTree = "<group>"; };
		4217F0EB61A27BAB5D26D37A /* EditDeviceScreen.swift */ = {isa = PBXFileReference; includeInIndex = 1; lastKnownFileType = sourcecode.swift; path = EditDeviceScreen.swift; sourceTree = "<group>"; };
		484371A677F858AB3865E844 /* EventDetailViewModelWrapper.swift */ = {isa = PBXFileReference; includeInIndex = 1; lastKnownFileType = sourcecode.swift; path = EventDetailViewModelWrapper.swift; sourceTree = "<group>"; };
		4D976428F6B0003DDB354405 /* LoginViewModelWrapper.swift */ = {isa = PBXFileReference; includeInIndex = 1; lastKnownFileType = sourcecode.swift; path = LoginViewModelWrapper.swift; sourceTree = "<group>"; };
		4E844014BE2F02549004580F /* SFSymbolMapper.swift */ = {isa = PBXFileReference; includeInIndex = 1; lastKnownFileType = sourcecode.swift; path = SFSymbolMapper.swift; sourceTree = "<group>"; };
		5B969CDAC29B255B6A99F0A8 /* HistoryListScreenTests.swift */ = {isa = PBXFileReference; includeInIndex = 1; lastKnownFileType = sourcecode.swift; path = HistoryListScreenTests.swift; sourceTree = "<group>"; };
		6161923E993256241FF44A49 /* AddBatteryEventScreen.swift */ = {isa = PBXFileReference; includeInIndex = 1; lastKnownFileType = sourcecode.swift; path = AddBatteryEventScreen.swift; sourceTree = "<group>"; };
		62EEFBA1150A1B5BB4BE34E7 /* DeviceTypeDetailScreen.swift */ = {isa = PBXFileReference; includeInIndex = 1; lastKnownFileType = sourcecode.swift; path = DeviceTypeDetailScreen.swift; sourceTree = "<group>"; };
		63736EB2CA3F58B280FBFA96 /* ButlerCornerRadius.swift */ = {isa = PBXFileReference; includeInIndex = 1; lastKnownFileType = sourcecode.swift; path = ButlerCornerRadius.swift; sourceTree = "<group>"; };
		6C424550B976EA19E32F00C2 /* EditDeviceScreenTests.swift */ = {isa = PBXFileReference; includeInIndex = 1; lastKnownFileType = sourcecode.swift; path = EditDeviceScreenTests.swift; sourceTree = "<group>"; };
		72E31482FD860FC114F618F9 /* DeviceRowTests.swift */ = {isa = PBXFileReference; includeInIndex = 1; lastKnownFileType = sourcecode.swift; path = DeviceRowTests.swift; sourceTree = "<group>"; };
		7BD21B88039A180BE432D829 /* KmpInteropTests.swift */ = {isa = PBXFileReference; includeInIndex = 1; lastKnownFileType = sourcecode.swift; path = KmpInteropTests.swift; sourceTree = "<group>"; };
		8EBF127BDE68EF62BDAFA150 /* TestData.swift */ = {isa = PBXFileReference; includeInIndex = 1; lastKnownFileType = sourcecode.swift; path = TestData.swift; sourceTree = "<group>"; };
		9127CC9BB55BC761853552F0 /* AiChatViewModelWrapper.swift */ = {isa = PBXFileReference; includeInIndex = 1; lastKnownFileType = sourcecode.swift; path = AiChatViewModelWrapper.swift; sourceTree = "<group>"; };
		9C6AF38EDA50AE221A59AC4B /* AiChatScreenTests.swift */ = {isa = PBXFileReference; includeInIndex = 1; lastKnownFileType = sourcecode.swift; path = AiChatScreenTests.swift; sourceTree = "<group>"; };
		AG1000000000000000000001 /* Generated */ = {isa = PBXFileReference; lastKnownFileType = folder; path = Generated; sourceTree = "<group>"; };
		B3170F3330B0DB17C06BD2DC /* EditBatteryEventScreenTests.swift */ = {isa = PBXFileReference; includeInIndex = 1; lastKnownFileType = sourcecode.swift; path = EditBatteryEventScreenTests.swift; sourceTree = "<group>"; };
		B50A0F9CABC4E39A5F7BCAAB /* ButlerColors.swift */ = {isa = PBXFileReference; includeInIndex = 1; lastKnownFileType = sourcecode.swift; path = ButlerColors.swift; sourceTree = "<group>"; };
		B9DA97B12DC1472C00A4DA20 /* BatteryButler.app */ = {isa = PBXFileReference; explicitFileType = wrapper.application; includeInIndex = 0; path = BatteryButler.app; sourceTree = BUILT_PRODUCTS_DIR; };
		C2E97FAF9E58B3B6789E5657 /* ButlerIconBox.swift */ = {isa = PBXFileReference; includeInIndex = 1; lastKnownFileType = sourcecode.swift; path = ButlerIconBox.swift; sourceTree = "<group>"; };
		C46977DF8A1474A6D23CE03F /* EditBatteryEventViewModelWrapper.swift */ = {isa = PBXFileReference; includeInIndex = 1; lastKnownFileType = sourcecode.swift; path = EditBatteryEventViewModelWrapper.swift; sourceTree = "<group>"; };
		C64AF092C61D54E3E0BB972E /* MessageRowTests.swift */ = {isa = PBXFileReference; includeInIndex = 1; lastKnownFileType = sourcecode.swift; path = MessageRowTests.swift; sourceTree = "<group>"; };
		C7FFABCF0C5C31A595C3F1CF /* AddDeviceScreenTests.swift */ = {isa = PBXFileReference; includeInIndex = 1; lastKnownFileType = sourcecode.swift; path = AddDeviceScreenTests.swift; sourceTree = "<group>"; };
		CE7C8996ACEF6EABE0989D13 /* iosAppSwiftUITests.xctest */ = {isa = PBXFileReference; explicitFileType = wrapper.cfbundle; includeInIndex = 0; path = iosAppSwiftUITests.xctest; sourceTree = BUILT_PRODUCTS_DIR; };
		D8F821268475E1398BE0B048 /* SimpleSnapshotTests.swift */ = {isa = PBXFileReference; includeInIndex = 1; lastKnownFileType = sourcecode.swift; path = SimpleSnapshotTests.swift; sourceTree = "<group>"; };
		DFE633CDE982339D210E430D /* EditBatteryEventScreen.swift */ = {isa = PBXFileReference; includeInIndex = 1; lastKnownFileType = sourcecode.swift; path = EditBatteryEventScreen.swift; sourceTree = "<group>"; };
		DFFB914D7CB3EE76065E96D9 /* DeviceTypeDetailScreenTests.swift */ = {isa = PBXFileReference; includeInIndex = 1; lastKnownFileType = sourcecode.swift; path = DeviceTypeDetailScreenTests.swift; sourceTree = "<group>"; };
		E745DFA94763AF92797AF9B0 /* ButlerIconSize.swift */ = {isa = PBXFileReference; includeInIndex = 1; lastKnownFileType = sourcecode.swift; path = ButlerIconSize.swift; sourceTree = "<group>"; };
		E928FDF7E978787EE2AEC52F /* ButlerSpacing.swift */ = {isa = PBXFileReference; includeInIndex = 1; lastKnownFileType = sourcecode.swift; path = ButlerSpacing.swift; sourceTree = "<group>"; };
		EBB2BC212BA886F9EA0057B5 /* EventDetailScreen.swift */ = {isa = PBXFileReference; includeInIndex = 1; lastKnownFileType = sourcecode.swift; path = EventDetailScreen.swift; sourceTree = "<group>"; };
		EEFA05173F04BE4075FBABA5 /* EventDetailScreenTests.swift */ = {isa = PBXFileReference; includeInIndex = 1; lastKnownFileType = sourcecode.swift; path = EventDetailScreenTests.swift; sourceTree = "<group>"; };
		F33A7778DFBA813603E9B307 /* EditDeviceTypeScreenTests.swift */ = {isa = PBXFileReference; includeInIndex = 1; lastKnownFileType = sourcecode.swift; path = EditDeviceTypeScreenTests.swift; sourceTree = "<group>"; };
		F369A0F48183F2527CD88B41 /* SettingsScreenTests.swift */ = {isa = PBXFileReference; includeInIndex = 1; lastKnownFileType = sourcecode.swift; path = SettingsScreenTests.swift; sourceTree = "<group>"; };
/* End PBXFileReference section */

/* Begin PBXFileSystemSynchronizedBuildFileExceptionSet section */
		B99700CA2DC9B8D800C7335B /* Exceptions for "iosApp" folder in "iosAppSwiftUI" target */ = {
			isa = PBXFileSystemSynchronizedBuildFileExceptionSet;
			membershipExceptions = (
				Info.plist,
			);
			target = B9DA97B02DC1472C00A4DA20 /* iosAppSwiftUI */;
		};
/* End PBXFileSystemSynchronizedBuildFileExceptionSet section */

/* Begin PBXFileSystemSynchronizedRootGroup section */
		B9DA97B32DC1472C00A4DA20 /* iosApp */ = {
			isa = PBXFileSystemSynchronizedRootGroup;
			exceptions = (
				B99700CA2DC9B8D800C7335B /* Exceptions for "iosApp" folder in "iosAppSwiftUI" target */,
			);
			path = iosApp;
			sourceTree = "<group>";
		};
		B9DA98002DC14AA900A4DA20 /* Configuration */ = {
			isa = PBXFileSystemSynchronizedRootGroup;
			exceptions = (
			);
			path = Configuration;
			sourceTree = "<group>";
		};
/* End PBXFileSystemSynchronizedRootGroup section */

/* Begin PBXFrameworksBuildPhase section */
		04B8CD7BAC0A44A71E1BDEDE /* Frameworks */ = {
			isa = PBXFrameworksBuildPhase;
			buildActionMask = 2147483647;
			files = (
				3817672E5800D02B74BBCAE6 /* Foundation.framework in Frameworks */,
			);
			runOnlyForDeploymentPostprocessing = 0;
		};
		B9DA97AE2DC1472C00A4DA20 /* Frameworks */ = {
			isa = PBXFrameworksBuildPhase;
			buildActionMask = 2147483647;
			files = (
			);
			runOnlyForDeploymentPostprocessing = 0;
		};
/* End PBXFrameworksBuildPhase section */

/* Begin PBXGroup section */
		020286E928CECF6CEDD014D7 /* Components */ = {
			isa = PBXGroup;
			children = (
				36C882E51E3C5A80D0CEDBDA /* BatteryAgeHelper.swift */,
				C2E97FAF9E58B3B6789E5657 /* ButlerIconBox.swift */,
				4E844014BE2F02549004580F /* SFSymbolMapper.swift */,
			);
			name = Components;
			path = Components;
			sourceTree = "<group>";
		};
		2462958E2F14EEF40047C600 /* Core */ = {
			isa = PBXGroup;
			children = (
				2462958D2F14EEF40047C600 /* ViewModelWrapper.swift */,
				020286E928CECF6CEDD014D7 /* Components */,
				8D13C339397E3C383B55A55E /* Theme */,
			);
			path = Core;
			sourceTree = "<group>";
		};
		246295912F14EEF40047C600 /* AddDevice */ = {
			isa = PBXGroup;
			children = (
				2462958F2F14EEF40047C600 /* AddDeviceScreen.swift */,
				246295902F14EEF40047C600 /* AddDeviceViewModelWrapper.swift */,
			);
			path = AddDevice;
			sourceTree = "<group>";
		};
		246295942F14EEF40047C600 /* DeviceDetail */ = {
			isa = PBXGroup;
			children = (
				246295922F14EEF40047C600 /* DeviceDetailScreen.swift */,
				246295932F14EEF40047C600 /* DeviceDetailViewModelWrapper.swift */,
			);
			path = DeviceDetail;
			sourceTree = "<group>";
		};
		246295972F14EEF40047C600 /* History */ = {
			isa = PBXGroup;
			children = (
				246295952F14EEF40047C600 /* HistoryListScreen.swift */,
				246295962F14EEF40047C600 /* HistoryListViewModelWrapper.swift */,
			);
			path = History;
			sourceTree = "<group>";
		};
		2462959A2F14EEF40047C600 /* Home */ = {
			isa = PBXGroup;
			children = (
				246295982F14EEF40047C600 /* DeviceRow.swift */,
				246295992F14EEF40047C600 /* HomeScreen.swift */,
			);
			path = Home;
			sourceTree = "<group>";
		};
		2462959D2F14EEF40047C600 /* Main */ = {
			isa = PBXGroup;
			children = (
				2462959B2F14EEF40047C600 /* MainScreen.swift */,
				2462959C2F14EEF40047C600 /* MainTab.swift */,
			);
			path = Main;
			sourceTree = "<group>";
		};
		246295A02F14EEF40047C600 /* Settings */ = {
			isa = PBXGroup;
			children = (
				2462959E2F14EEF40047C600 /* SettingsScreen.swift */,
				2462959F2F14EEF40047C600 /* SettingsViewModelWrapper.swift */,
			);
			path = Settings;
			sourceTree = "<group>";
		};
		246295A12F14EEF40047C600 /* Features */ = {
			isa = PBXGroup;
			children = (
				246295912F14EEF40047C600 /* AddDevice */,
				246295942F14EEF40047C600 /* DeviceDetail */,
				24ABD5772F1CEC230036E1DD /* DeviceTypes */,
				246295972F14EEF40047C600 /* History */,
				2462959A2F14EEF40047C600 /* Home */,
				2462959D2F14EEF40047C600 /* Main */,
				246295A02F14EEF40047C600 /* Settings */,
				CB1D9BAD62F8FB251D54465C /* Login */,
				A382FF30859CC658F115A300 /* EventDetail */,
				581FFFAFC6E283226D9E0CCD /* AddBatteryEvent */,
				831712F7D857EFE960AE9AA7 /* AiChat */,
				50C246773AFFE95187A0E784 /* EditDevice */,
				98E3067AE5DB312C94083E8F /* EditBatteryEvent */,
			);
			path = Features;
			sourceTree = "<group>";
		};
		24ABD5772F1CEC230036E1DD /* DeviceTypes */ = {
			isa = PBXGroup;
			children = (
				24ABD5702F1CEC230036E1DD /* AddDeviceTypeScreen.swift */,
				24ABD5712F1CEC230036E1DD /* AddDeviceTypeViewModelWrapper.swift */,
				24ABD5722F1CEC230036E1DD /* DeviceTypeListScreen.swift */,
				24ABD5732F1CEC230036E1DD /* DeviceTypeListViewModelWrapper.swift */,
				24ABD5742F1CEC230036E1DD /* DeviceTypeRow.swift */,
				24ABD5752F1CEC230036E1DD /* EditDeviceTypeScreen.swift */,
				24ABD5762F1CEC230036E1DD /* EditDeviceTypeViewModelWrapper.swift */,
				62EEFBA1150A1B5BB4BE34E7 /* DeviceTypeDetailScreen.swift */,
				2627A06EE560ED0714722885 /* DeviceTypeDetailViewModelWrapper.swift */,
			);
			path = DeviceTypes;
			sourceTree = "<group>";
		};
		4D72D7B65E8E59E6FDA14167 /* iosAppSwiftUITests */ = {
			isa = PBXGroup;
			children = (
				C7FFABCF0C5C31A595C3F1CF /* AddDeviceScreenTests.swift */,
				417E5F5994DD57326CBFBB02 /* DeviceDetailScreenTests.swift */,
				6C424550B976EA19E32F00C2 /* EditDeviceScreenTests.swift */,
				D8F821268475E1398BE0B048 /* SimpleSnapshotTests.swift */,
				32F2E55509C388E5CC4D034F /* AddBatteryEventScreenTests.swift */,
				3C97AD8F27356E0133B28ADE /* AddDeviceTypeScreenTests.swift */,
				9C6AF38EDA50AE221A59AC4B /* AiChatScreenTests.swift */,
				72E31482FD860FC114F618F9 /* DeviceRowTests.swift */,
				3FDAA129CFA4B9C38F69243C /* DeviceTypeListScreenTests.swift */,
				03A47AB044FC5D4C786970EE /* DeviceTypeRowTests.swift */,
				F33A7778DFBA813603E9B307 /* EditDeviceTypeScreenTests.swift */,
				EEFA05173F04BE4075FBABA5 /* EventDetailScreenTests.swift */,
				5B969CDAC29B255B6A99F0A8 /* HistoryListScreenTests.swift */,
				16D54F827E245B0DE9785703 /* HomeScreenTests.swift */,
				02CE71A2E10346985C7A7006 /* LoginScreenTests.swift */,
				C64AF092C61D54E3E0BB972E /* MessageRowTests.swift */,
				F369A0F48183F2527CD88B41 /* SettingsScreenTests.swift */,
				8EBF127BDE68EF62BDAFA150 /* TestData.swift */,
				B3170F3330B0DB17C06BD2DC /* EditBatteryEventScreenTests.swift */,
				DFFB914D7CB3EE76065E96D9 /* DeviceTypeDetailScreenTests.swift */,
				7BD21B88039A180BE432D829 /* KmpInteropTests.swift */,
			);
			name = iosAppSwiftUITests;
			path = iosAppSwiftUITests;
			sourceTree = "<group>";
		};
		50C246773AFFE95187A0E784 /* EditDevice */ = {
			isa = PBXGroup;
			children = (
				4217F0EB61A27BAB5D26D37A /* EditDeviceScreen.swift */,
				28903408708ECF67A8991592 /* EditDeviceViewModelWrapper.swift */,
			);
			name = EditDevice;
			path = EditDevice;
			sourceTree = "<group>";
		};
		581FFFAFC6E283226D9E0CCD /* AddBatteryEvent */ = {
			isa = PBXGroup;
			children = (
				6161923E993256241FF44A49 /* AddBatteryEventScreen.swift */,
				348ECD40844BC056AA8019FF /* AddBatteryEventViewModelWrapper.swift */,
			);
			name = AddBatteryEvent;
			path = AddBatteryEvent;
			sourceTree = "<group>";
		};
		831712F7D857EFE960AE9AA7 /* AiChat */ = {
			isa = PBXGroup;
			children = (
				18BC9C9B9E6E29A48DCAC5C2 /* AiChatScreen.swift */,
				9127CC9BB55BC761853552F0 /* AiChatViewModelWrapper.swift */,
			);
			name = AiChat;
			path = AiChat;
			sourceTree = "<group>";
		};
		8D13C339397E3C383B55A55E /* Theme */ = {
			isa = PBXGroup;
			children = (
				B50A0F9CABC4E39A5F7BCAAB /* ButlerColors.swift */,
				63736EB2CA3F58B280FBFA96 /* ButlerCornerRadius.swift */,
				E745DFA94763AF92797AF9B0 /* ButlerIconSize.swift */,
				E928FDF7E978787EE2AEC52F /* ButlerSpacing.swift */,
			);
			name = Theme;
			path = Theme;
			sourceTree = "<group>";
		};
		98E3067AE5DB312C94083E8F /* EditBatteryEvent */ = {
			isa = PBXGroup;
			children = (
				DFE633CDE982339D210E430D /* EditBatteryEventScreen.swift */,
				C46977DF8A1474A6D23CE03F /* EditBatteryEventViewModelWrapper.swift */,
			);
			name = EditBatteryEvent;
			path = EditBatteryEvent;
			sourceTree = "<group>";
		};
		A00B023A177BE37C44746F6E /* Frameworks */ = {
			isa = PBXGroup;
			children = (
				E3C3949E72B011457EA41E24 /* iOS */,
			);
			name = Frameworks;
			sourceTree = "<group>";
		};
		A382FF30859CC658F115A300 /* EventDetail */ = {
			isa = PBXGroup;
			children = (
				EBB2BC212BA886F9EA0057B5 /* EventDetailScreen.swift */,
				484371A677F858AB3865E844 /* EventDetailViewModelWrapper.swift */,
			);
			name = EventDetail;
			path = EventDetail;
			sourceTree = "<group>";
		};
		B9DA97A82DC1472C00A4DA20 = {
			isa = PBXGroup;
			children = (
				2462958E2F14EEF40047C600 /* Core */,
				246295A12F14EEF40047C600 /* Features */,
				B9DA98002DC14AA900A4DA20 /* Configuration */,
				B9DA97B32DC1472C00A4DA20 /* iosApp */,
				AG1000000000000000000001 /* Generated */,
				B9DA97B22DC1472C00A4DA20 /* Products */,
				A00B023A177BE37C44746F6E /* Frameworks */,
				4D72D7B65E8E59E6FDA14167 /* iosAppSwiftUITests */,
			);
			sourceTree = "<group>";
		};
		B9DA97B22DC1472C00A4DA20 /* Products */ = {
			isa = PBXGroup;
			children = (
				B9DA97B12DC1472C00A4DA20 /* BatteryButler.app */,
				CE7C8996ACEF6EABE0989D13 /* iosAppSwiftUITests.xctest */,
			);
			name = Products;
			sourceTree = "<group>";
		};
		CB1D9BAD62F8FB251D54465C /* Login */ = {
			isa = PBXGroup;
			children = (
				05276AAFBE18E0BD342E186F /* LoginScreen.swift */,
				4D976428F6B0003DDB354405 /* LoginViewModelWrapper.swift */,
			);
			name = Login;
			path = Login;
			sourceTree = "<group>";
		};
		E3C3949E72B011457EA41E24 /* iOS */ = {
			isa = PBXGroup;
			children = (
				171E07C13F4D360A2E8F8F1B /* Foundation.framework */,
			);
			name = iOS;
			sourceTree = "<group>";
		};
/* End PBXGroup section */

/* Begin PBXNativeTarget section */
		96EFC3C32DF3E2A595A92816 /* iosAppSwiftUITests */ = {
			isa = PBXNativeTarget;
			buildConfigurationList = 77A5E0B5A1460C46A52C8AD0 /* Build configuration list for PBXNativeTarget "iosAppSwiftUITests" */;
			buildPhases = (
				3CE98A9577DC0F418BEACF75 /* Sources */,
				04B8CD7BAC0A44A71E1BDEDE /* Frameworks */,
				4F310188C429A0486861BAB0 /* Resources */,
			);
			buildRules = (
			);
			dependencies = (
				05606A2E63863FFD27EC9D59 /* PBXTargetDependency */,
			);
			name = iosAppSwiftUITests;
			packageProductDependencies = (
				81B28293D8BF0DA70E23B3EB /* SnapshotTesting */,
			);
			productName = iosAppSwiftUITests;
			productReference = CE7C8996ACEF6EABE0989D13 /* iosAppSwiftUITests.xctest */;
			productType = "com.apple.product-type.bundle.unit-test";
		};
		B9DA97B02DC1472C00A4DA20 /* iosAppSwiftUI */ = {
			isa = PBXNativeTarget;
			buildConfigurationList = B9DA97BF2DC1472D00A4DA20 /* Build configuration list for PBXNativeTarget "iosAppSwiftUI" */;
			buildPhases = (
				B9DA97F52DC1497100A4DA20 /* Generate Protos */,
				B9DA97F42DC1497100A4DA20 /* Compile Kotlin Framework */,
				B9DA97AD2DC1472C00A4DA20 /* Sources */,
				B9DA97AE2DC1472C00A4DA20 /* Frameworks */,
				B9DA97AF2DC1472C00A4DA20 /* Resources */,
			);
			buildRules = (
			);
			dependencies = (
			);
			fileSystemSynchronizedGroups = (
				B9DA97B32DC1472C00A4DA20 /* iosApp */,
			);
			name = iosAppSwiftUI;
			productName = iosAppSwiftUI;
			productReference = B9DA97B12DC1472C00A4DA20 /* BatteryButler.app */;
			productType = "com.apple.product-type.application";
		};
/* End PBXNativeTarget section */

/* Begin PBXProject section */
		B9DA97A92DC1472C00A4DA20 /* Project object */ = {
			isa = PBXProject;
			attributes = {
				BuildIndependentTargetsInParallel = 1;
				LastSwiftUpdateCheck = 1620;
				LastUpgradeCheck = 2620;
				TargetAttributes = {
					B9DA97B02DC1472C00A4DA20 = {
						CreatedOnToolsVersion = 16.2;
					};
				};
			};
			buildConfigurationList = B9DA97AC2DC1472C00A4DA20 /* Build configuration list for PBXProject "iosAppSwiftUI" */;
			developmentRegion = en;
			hasScannedForEncodings = 0;
			knownRegions = (
				en,
				Base,
			);
			mainGroup = B9DA97A82DC1472C00A4DA20;
			minimizedProjectReferenceProxies = 1;
			packageReferences = (
				9FC905494E2733CEC62F9D48 /* XCRemoteSwiftPackageReference "swift-snapshot-testing" */,
			);
			preferredProjectObjectVersion = 77;
			productRefGroup = B9DA97B22DC1472C00A4DA20 /* Products */;
			projectDirPath = "";
			projectRoot = "";
			targets = (
				B9DA97B02DC1472C00A4DA20 /* iosAppSwiftUI */,
				96EFC3C32DF3E2A595A92816 /* iosAppSwiftUITests */,
			);
		};
/* End PBXProject section */

/* Begin PBXResourcesBuildPhase section */
		4F310188C429A0486861BAB0 /* Resources */ = {
			isa = PBXResourcesBuildPhase;
			buildActionMask = 2147483647;
			files = (
			);
			runOnlyForDeploymentPostprocessing = 0;
		};
		B9DA97AF2DC1472C00A4DA20 /* Resources */ = {
			isa = PBXResourcesBuildPhase;
			buildActionMask = 2147483647;
			files = (
			);
			runOnlyForDeploymentPostprocessing = 0;
		};
/* End PBXResourcesBuildPhase section */

/* Begin PBXShellScriptBuildPhase section */
		B9DA97F42DC1497100A4DA20 /* Compile Kotlin Framework */ = {
			isa = PBXShellScriptBuildPhase;
			alwaysOutOfDate = 1;
			buildActionMask = 2147483647;
			files = (
			);
			inputFileListPaths = (
			);
			inputPaths = (
			);
			name = "Compile Kotlin Framework";
			outputFileListPaths = (
			);
			outputPaths = (
			);
			runOnlyForDeploymentPostprocessing = 0;
			shellPath = /bin/sh;
			shellScript = "if [ \"YES\" = \"$OVERRIDE_KOTLIN_BUILD_IDE_SUPPORTED\" ]; then\n  echo \"Skipping Gradle build task invocation due to OVERRIDE_KOTLIN_BUILD_IDE_SUPPORTED environment variable set to \\\"YES\\\"\"\n  exit 0\nfi\ncd \"$SRCROOT/..\"\n./gradlew :ios-swift-di:embedAndSignAppleFrameworkForXcode\n";
		};
		B9DA97F52DC1497100A4DA20 /* Generate Protos */ = {
			isa = PBXShellScriptBuildPhase;
			alwaysOutOfDate = 1;
			buildActionMask = 2147483647;
			files = (
			);
			inputFileListPaths = (
			);
			inputPaths = (
			);
			name = "Generate Protos";
			outputFileListPaths = (
			);
			outputPaths = (
			);
			runOnlyForDeploymentPostprocessing = 0;
			shellPath = /bin/sh;
			shellScript = "cd \"$SRCROOT/..\"\n./scripts/generate-protos.sh\n";
		};
/* End PBXShellScriptBuildPhase section */

/* Begin PBXSourcesBuildPhase section */
		3CE98A9577DC0F418BEACF75 /* Sources */ = {
			isa = PBXSourcesBuildPhase;
			buildActionMask = 2147483647;
			files = (
				17583375029A96F5152F5B92 /* AddDeviceScreenTests.swift in Sources */,
				512CC7D51E6C42B5C0FF3F5F /* DeviceDetailScreenTests.swift in Sources */,
				2FA78B928A0A3E325BA1D464 /* EditDeviceScreenTests.swift in Sources */,
				E9FB7497FF4ADBFB164B431C /* SimpleSnapshotTests.swift in Sources */,
				FBA8D6CCEF62C27710F0AF2C /* AddBatteryEventScreenTests.swift in Sources */,
				8A840B0B44DA5BED1152B8B2 /* AddDeviceTypeScreenTests.swift in Sources */,
				E6A9ECE54EB11428104907E6 /* AiChatScreenTests.swift in Sources */,
				B675B24ABC559905E825F17A /* DeviceRowTests.swift in Sources */,
				9C2D5FB0AF0B031138E5AEC3 /* DeviceTypeListScreenTests.swift in Sources */,
				E6EB00919B8BE1AFBFBB8734 /* DeviceTypeRowTests.swift in Sources */,
				C10C30F6B2130F078F2BDA75 /* EditDeviceTypeScreenTests.swift in Sources */,
				A57202E629408A9C8F778165 /* EventDetailScreenTests.swift in Sources */,
				1B738E7DBF7242EC0DB27A36 /* HistoryListScreenTests.swift in Sources */,
				4965F8DE9488CA44D1213210 /* HomeScreenTests.swift in Sources */,
				E4372088B04337437E52E822 /* LoginScreenTests.swift in Sources */,
				7837EFBEECD11652F225A828 /* MessageRowTests.swift in Sources */,
				B2E94A4898D213A80796E832 /* SettingsScreenTests.swift in Sources */,
				B98DBAFBE2DC0C16669CB684 /* TestData.swift in Sources */,
				3F7D7AB1C26C22E8C0769793 /* EditBatteryEventScreenTests.swift in Sources */,
				82BCF8FE74F6D132CE79F1B5 /* DeviceTypeDetailScreenTests.swift in Sources */,
				34B076CFB1DCC5E0A5B30622 /* KmpInteropTests.swift in Sources */,
			);
			runOnlyForDeploymentPostprocessing = 0;
		};
		B9DA97AD2DC1472C00A4DA20 /* Sources */ = {
			isa = PBXSourcesBuildPhase;
			buildActionMask = 2147483647;
			files = (
				24ABD5782F1CEC230036E1DD /* EditDeviceTypeViewModelWrapper.swift in Sources */,
				24ABD5792F1CEC230036E1DD /* DeviceTypeListViewModelWrapper.swift in Sources */,
				24ABD57A2F1CEC230036E1DD /* EditDeviceTypeScreen.swift in Sources */,
				24ABD57B2F1CEC230036E1DD /* AddDeviceTypeViewModelWrapper.swift in Sources */,
				24ABD57C2F1CEC230036E1DD /* DeviceTypeListScreen.swift in Sources */,
				24ABD57D2F1CEC230036E1DD /* AddDeviceTypeScreen.swift in Sources */,
				24ABD57E2F1CEC230036E1DD /* DeviceTypeRow.swift in Sources */,
				246295A22F14EEF40047C600 /* AddDeviceScreen.swift in Sources */,
				246295A32F14EEF40047C600 /* MainTab.swift in Sources */,
				246295A42F14EEF40047C600 /* MainScreen.swift in Sources */,
				246295A52F14EEF40047C600 /* ViewModelWrapper.swift in Sources */,
				246295A62F14EEF40047C600 /* DeviceRow.swift in Sources */,
				246295A72F14EEF40047C600 /* HistoryListScreen.swift in Sources */,
				246295A92F14EEF40047C600 /* SettingsViewModelWrapper.swift in Sources */,
				246295AA2F14EEF40047C600 /* DeviceDetailScreen.swift in Sources */,
				246295AB2F14EEF40047C600 /* HistoryListViewModelWrapper.swift in Sources */,
				246295AC2F14EEF40047C600 /* AddDeviceViewModelWrapper.swift in Sources */,
				246295AD2F14EEF40047C600 /* HomeScreen.swift in Sources */,
				246295AE2F14EEF40047C600 /* SettingsScreen.swift in Sources */,
				246295AF2F14EEF40047C600 /* DeviceDetailViewModelWrapper.swift in Sources */,
				AG1000000000000000000002 /* Generated in Sources */,
				9E310559114A9C3509F5106D /* LoginScreen.swift in Sources */,
				9EC6A2E16CEA57929E345F5C /* LoginViewModelWrapper.swift in Sources */,
				7B995C9514A7E13CDD597E53 /* EventDetailScreen.swift in Sources */,
				14C9539A085FC4157ED6ECCB /* EventDetailViewModelWrapper.swift in Sources */,
				F6F9C4B2E592FAFBFA1FD460 /* AddBatteryEventScreen.swift in Sources */,
				1211B65CDB19EBD3475155ED /* AddBatteryEventViewModelWrapper.swift in Sources */,
				77177175D5AE0F2363AB6DDA /* AiChatScreen.swift in Sources */,
				0B8A00C05740714CA09EA3DF /* AiChatViewModelWrapper.swift in Sources */,
				998E133AD56CF4D0A133506A /* EditDeviceScreen.swift in Sources */,
				2855F56B7B730259E73A04CD /* EditDeviceViewModelWrapper.swift in Sources */,
				1C334F3F015C1D39485934F7 /* BatteryAgeHelper.swift in Sources */,
				785C51ADA7A324EE132F276A /* ButlerIconBox.swift in Sources */,
				69167925374428CD712E239D /* SFSymbolMapper.swift in Sources */,
				F3F4E0A0D24D24C957EE8ECF /* ButlerColors.swift in Sources */,
				AE530C71EB0F1899C36F2C0D /* ButlerCornerRadius.swift in Sources */,
				09C4C7A3A37AEC0AE2AB8837 /* ButlerIconSize.swift in Sources */,
				4205D2EA3201CE5260E36CC6 /* ButlerSpacing.swift in Sources */,
				E0A8DE9231A158420BA314E6 /* EditBatteryEventScreen.swift in Sources */,
				C988F312CE053CB66B0F89C0 /* EditBatteryEventViewModelWrapper.swift in Sources */,
				A74A111ED72A22540285B044 /* DeviceTypeDetailScreen.swift in Sources */,
				455C3A62D09593ABF1CB2D3D /* DeviceTypeDetailViewModelWrapper.swift in Sources */,
			);
			runOnlyForDeploymentPostprocessing = 0;
		};
/* End PBXSourcesBuildPhase section */

/* Begin PBXTargetDependency section */
		05606A2E63863FFD27EC9D59 /* PBXTargetDependency */ = {
			isa = PBXTargetDependency;
			name = iosAppSwiftUI;
			target = B9DA97B02DC1472C00A4DA20 /* iosAppSwiftUI */;
			targetProxy = BD8556C4F89483AF0CEC13D8 /* PBXContainerItemProxy */;
		};
/* End PBXTargetDependency section */

/* Begin XCBuildConfiguration section */
		1ACA59DAEC3691E6D9723A62 /* Release */ = {
			isa = XCBuildConfiguration;
			buildSettings = {
				BUNDLE_LOADER = "$(TEST_HOST)";
				INFOPLIST_FILE = iosAppSwiftUITests/Info.plist;
				IPHONEOS_DEPLOYMENT_TARGET = 18.2;
				PRODUCT_BUNDLE_IDENTIFIER = com.chriscartland.batterybutler.iosAppSwiftUITests;
				PRODUCT_NAME = "$(TARGET_NAME)";
				SDKROOT = iphoneos;
				SWIFT_VERSION = 5.0;
				TEST_HOST = "$(BUILT_PRODUCTS_DIR)/BatteryButler.app/BatteryButler";
				VALIDATE_PRODUCT = YES;
			};
			name = Release;
		};
		A5392239DAF043921B2D2A46 /* Debug */ = {
			isa = XCBuildConfiguration;
			buildSettings = {
				BUNDLE_LOADER = "$(TEST_HOST)";
				INFOPLIST_FILE = iosAppSwiftUITests/Info.plist;
				IPHONEOS_DEPLOYMENT_TARGET = 18.2;
				PRODUCT_BUNDLE_IDENTIFIER = com.chriscartland.batterybutler.iosAppSwiftUITests;
				PRODUCT_NAME = "$(TARGET_NAME)";
				SDKROOT = iphoneos;
				SWIFT_VERSION = 5.0;
				TEST_HOST = "$(BUILT_PRODUCTS_DIR)/BatteryButler.app/BatteryButler";
			};
			name = Debug;
		};
		B9DA97BD2DC1472D00A4DA20 /* Debug */ = {
			isa = XCBuildConfiguration;
			buildSettings = {
				ALWAYS_SEARCH_USER_PATHS = NO;
				ASSETCATALOG_COMPILER_GENERATE_SWIFT_ASSET_SYMBOL_EXTENSIONS = YES;
				CLANG_ANALYZER_NONNULL = YES;
				CLANG_ANALYZER_NUMBER_OBJECT_CONVERSION = YES_AGGRESSIVE;
				CLANG_CXX_LANGUAGE_STANDARD = "gnu++20";
				CLANG_ENABLE_MODULES = YES;
				CLANG_ENABLE_OBJC_ARC = YES;
				CLANG_ENABLE_OBJC_WEAK = YES;
				CLANG_WARN_BLOCK_CAPTURE_AUTORELEASING = YES;
				CLANG_WARN_BOOL_CONVERSION = YES;
				CLANG_WARN_COMMA = YES;
				CLANG_WARN_CONSTANT_CONVERSION = YES;
				CLANG_WARN_DEPRECATED_OBJC_IMPLEMENTATIONS = YES;
				CLANG_WARN_DIRECT_OBJC_ISA_USAGE = YES_ERROR;
				CLANG_WARN_DOCUMENTATION_COMMENTS = YES;
				CLANG_WARN_EMPTY_BODY = YES;
				CLANG_WARN_ENUM_CONVERSION = YES;
				CLANG_WARN_INFINITE_RECURSION = YES;
				CLANG_WARN_INT_CONVERSION = YES;
				CLANG_WARN_NON_LITERAL_NULL_CONVERSION = YES;
				CLANG_WARN_OBJC_IMPLICIT_RETAIN_SELF = YES;
				CLANG_WARN_OBJC_LITERAL_CONVERSION = YES;
				CLANG_WARN_OBJC_ROOT_CLASS = YES_ERROR;
				CLANG_WARN_QUOTED_INCLUDE_IN_FRAMEWORK_HEADER = YES;
				CLANG_WARN_RANGE_LOOP_ANALYSIS = YES;
				CLANG_WARN_STRICT_PROTOTYPES = YES;
				CLANG_WARN_SUSPICIOUS_MOVE = YES;
				CLANG_WARN_UNGUARDED_AVAILABILITY = YES_AGGRESSIVE;
				CLANG_WARN_UNREACHABLE_CODE = YES;
				CLANG_WARN__DUPLICATE_METHOD_MATCH = YES;
				COPY_PHASE_STRIP = NO;
				DEBUG_INFORMATION_FORMAT = dwarf;
				DEVELOPMENT_TEAM = "${TEAM_ID}";
				ENABLE_STRICT_OBJC_MSGSEND = YES;
				ENABLE_TESTABILITY = YES;
				ENABLE_USER_SCRIPT_SANDBOXING = NO;
				GCC_C_LANGUAGE_STANDARD = gnu17;
				GCC_DYNAMIC_NO_PIC = NO;
				GCC_NO_COMMON_BLOCKS = YES;
				GCC_OPTIMIZATION_LEVEL = 0;
				GCC_PREPROCESSOR_DEFINITIONS = (
					"DEBUG=1",
					"$(inherited)",
				);
				GCC_WARN_64_TO_32_BIT_CONVERSION = YES;
				GCC_WARN_ABOUT_RETURN_TYPE = YES_ERROR;
				GCC_WARN_UNDECLARED_SELECTOR = YES;
				GCC_WARN_UNINITIALIZED_AUTOS = YES_AGGRESSIVE;
				GCC_WARN_UNUSED_FUNCTION = YES;
				GCC_WARN_UNUSED_VARIABLE = YES;
				IPHONEOS_DEPLOYMENT_TARGET = 18.2;
				LOCALIZATION_PREFERS_STRING_CATALOGS = YES;
				MTL_ENABLE_DEBUG_INFO = INCLUDE_SOURCE;
				MTL_FAST_MATH = YES;
				ONLY_ACTIVE_ARCH = YES;
				SDKROOT = iphoneos;
				STRING_CATALOG_GENERATE_SYMBOLS = YES;
				SWIFT_ACTIVE_COMPILATION_CONDITIONS = "DEBUG $(inherited)";
				SWIFT_OPTIMIZATION_LEVEL = "-Onone";
			};
			name = Debug;
		};
		B9DA97BE2DC1472D00A4DA20 /* Release */ = {
			isa = XCBuildConfiguration;
			buildSettings = {
				ALWAYS_SEARCH_USER_PATHS = NO;
				ASSETCATALOG_COMPILER_GENERATE_SWIFT_ASSET_SYMBOL_EXTENSIONS = YES;
				CLANG_ANALYZER_NONNULL = YES;
				CLANG_ANALYZER_NUMBER_OBJECT_CONVERSION = YES_AGGRESSIVE;
				CLANG_CXX_LANGUAGE_STANDARD = "gnu++20";
				CLANG_ENABLE_MODULES = YES;
				CLANG_ENABLE_OBJC_ARC = YES;
				CLANG_ENABLE_OBJC_WEAK = YES;
				CLANG_WARN_BLOCK_CAPTURE_AUTORELEASING = YES;
				CLANG_WARN_BOOL_CONVERSION = YES;
				CLANG_WARN_COMMA = YES;
				CLANG_WARN_CONSTANT_CONVERSION = YES;
				CLANG_WARN_DEPRECATED_OBJC_IMPLEMENTATIONS = YES;
				CLANG_WARN_DIRECT_OBJC_ISA_USAGE = YES_ERROR;
				CLANG_WARN_DOCUMENTATION_COMMENTS = YES;
				CLANG_WARN_EMPTY_BODY = YES;
				CLANG_WARN_ENUM_CONVERSION = YES;
				CLANG_WARN_INFINITE_RECURSION = YES;
				CLANG_WARN_INT_CONVERSION = YES;
				CLANG_WARN_NON_LITERAL_NULL_CONVERSION = YES;
				CLANG_WARN_OBJC_IMPLICIT_RETAIN_SELF = YES;
				CLANG_WARN_OBJC_LITERAL_CONVERSION = YES;
				CLANG_WARN_OBJC_ROOT_CLASS = YES_ERROR;
				CLANG_WARN_QUOTED_INCLUDE_IN_FRAMEWORK_HEADER = YES;
				CLANG_WARN_RANGE_LOOP_ANALYSIS = YES;
				CLANG_WARN_STRICT_PROTOTYPES = YES;
				CLANG_WARN_SUSPICIOUS_MOVE = YES;
				CLANG_WARN_UNGUARDED_AVAILABILITY = YES_AGGRESSIVE;
				CLANG_WARN_UNREACHABLE_CODE = YES;
				CLANG_WARN__DUPLICATE_METHOD_MATCH = YES;
				COPY_PHASE_STRIP = NO;
				DEBUG_INFORMATION_FORMAT = "dwarf-with-dsym";
				DEVELOPMENT_TEAM = "${TEAM_ID}";
				ENABLE_NS_ASSERTIONS = NO;
				ENABLE_STRICT_OBJC_MSGSEND = YES;
				ENABLE_USER_SCRIPT_SANDBOXING = NO;
				GCC_C_LANGUAGE_STANDARD = gnu17;
				GCC_NO_COMMON_BLOCKS = YES;
				GCC_WARN_64_TO_32_BIT_CONVERSION = YES;
				GCC_WARN_ABOUT_RETURN_TYPE = YES_ERROR;
				GCC_WARN_UNDECLARED_SELECTOR = YES;
				GCC_WARN_UNINITIALIZED_AUTOS = YES_AGGRESSIVE;
				GCC_WARN_UNUSED_FUNCTION = YES;
				GCC_WARN_UNUSED_VARIABLE = YES;
				IPHONEOS_DEPLOYMENT_TARGET = 18.2;
				LOCALIZATION_PREFERS_STRING_CATALOGS = YES;
				MTL_ENABLE_DEBUG_INFO = NO;
				MTL_FAST_MATH = YES;
				SDKROOT = iphoneos;
				STRING_CATALOG_GENERATE_SYMBOLS = YES;
				SWIFT_COMPILATION_MODE = wholemodule;
				VALIDATE_PRODUCT = YES;
			};
			name = Release;
		};
		B9DA97C02DC1472D00A4DA20 /* Debug */ = {
			isa = XCBuildConfiguration;
			baseConfigurationReferenceAnchor = B9DA98002DC14AA900A4DA20 /* Configuration */;
			baseConfigurationReferenceRelativePath = Config.xcconfig;
			buildSettings = {
				ASSETCATALOG_COMPILER_APPICON_NAME = AppIcon;
				ASSETCATALOG_COMPILER_GLOBAL_ACCENT_COLOR_NAME = AccentColor;
				CODE_SIGN_IDENTITY = "Apple Development";
				CODE_SIGN_STYLE = Automatic;
				DEVELOPMENT_ASSET_PATHS = "\"iosApp/Preview Content\"";
				ENABLE_PREVIEWS = YES;
				FRAMEWORK_SEARCH_PATHS = (
					"$(inherited)",
					"$(SRCROOT)/../ios-swift-di/build/xcode-frameworks/$(CONFIGURATION)/$(SDK_NAME)\n$(SRCROOT)/../compose-app/build/xcode-frameworks/$(CONFIGURATION)/$(SDK_NAME)",
				);
				GENERATE_INFOPLIST_FILE = YES;
				INFOPLIST_FILE = iosApp/Info.plist;
				INFOPLIST_KEY_UIApplicationSceneManifest_Generation = YES;
				INFOPLIST_KEY_UIApplicationSupportsIndirectInputEvents = YES;
				INFOPLIST_KEY_UILaunchScreen_Generation = YES;
				INFOPLIST_KEY_UISupportedInterfaceOrientations_iPad = "UIInterfaceOrientationPortrait UIInterfaceOrientationPortraitUpsideDown UIInterfaceOrientationLandscapeLeft UIInterfaceOrientationLandscapeRight";
				INFOPLIST_KEY_UISupportedInterfaceOrientations_iPhone = "UIInterfaceOrientationPortrait UIInterfaceOrientationLandscapeLeft UIInterfaceOrientationLandscapeRight";
				LD_RUNPATH_SEARCH_PATHS = (
					"$(inherited)",
					"@executable_path/Frameworks",
				);
				SWIFT_EMIT_LOC_STRINGS = YES;
				SWIFT_VERSION = 5.0;
				TARGETED_DEVICE_FAMILY = "1,2";
			};
			name = Debug;
		};
		B9DA97C12DC1472D00A4DA20 /* Release */ = {
			isa = XCBuildConfiguration;
			baseConfigurationReferenceAnchor = B9DA98002DC14AA900A4DA20 /* Configuration */;
			baseConfigurationReferenceRelativePath = Config.xcconfig;
			buildSettings = {
				ASSETCATALOG_COMPILER_APPICON_NAME = AppIcon;
				ASSETCATALOG_COMPILER_GLOBAL_ACCENT_COLOR_NAME = AccentColor;
				CODE_SIGN_IDENTITY = "Apple Development";
				CODE_SIGN_STYLE = Automatic;
				DEVELOPMENT_ASSET_PATHS = "\"iosApp/Preview Content\"";
				ENABLE_PREVIEWS = YES;
				FRAMEWORK_SEARCH_PATHS = (
					"$(inherited)",
					"$(SRCROOT)/../ios-swift-di/build/xcode-frameworks/$(CONFIGURATION)/$(SDK_NAME)\n$(SRCROOT)/../compose-app/build/xcode-frameworks/$(CONFIGURATION)/$(SDK_NAME)",
				);
				GENERATE_INFOPLIST_FILE = YES;
				INFOPLIST_FILE = iosApp/Info.plist;
				INFOPLIST_KEY_UIApplicationSceneManifest_Generation = YES;
				INFOPLIST_KEY_UIApplicationSupportsIndirectInputEvents = YES;
				INFOPLIST_KEY_UILaunchScreen_Generation = YES;
				INFOPLIST_KEY_UISupportedInterfaceOrientations_iPad = "UIInterfaceOrientationPortrait UIInterfaceOrientationPortraitUpsideDown UIInterfaceOrientationLandscapeLeft UIInterfaceOrientationLandscapeRight";
				INFOPLIST_KEY_UISupportedInterfaceOrientations_iPhone = "UIInterfaceOrientationPortrait UIInterfaceOrientationLandscapeLeft UIInterfaceOrientationLandscapeRight";
				LD_RUNPATH_SEARCH_PATHS = (
					"$(inherited)",
					"@executable_path/Frameworks",
				);
				SWIFT_EMIT_LOC_STRINGS = YES;
				SWIFT_VERSION = 5.0;
				TARGETED_DEVICE_FAMILY = "1,2";
			};
			name = Release;
		};
/* End XCBuildConfiguration section */

/* Begin XCConfigurationList section */
		77A5E0B5A1460C46A52C8AD0 /* Build configuration list for PBXNativeTarget "iosAppSwiftUITests" */ = {
			isa = XCConfigurationList;
			buildConfigurations = (
				1ACA59DAEC3691E6D9723A62 /* Release */,
				A5392239DAF043921B2D2A46 /* Debug */,
			);
			defaultConfigurationIsVisible = 0;
			defaultConfigurationName = Release;
		};
		B9DA97AC2DC1472C00A4DA20 /* Build configuration list for PBXProject "iosAppSwiftUI" */ = {
			isa = XCConfigurationList;
			buildConfigurations = (
				B9DA97BD2DC1472D00A4DA20 /* Debug */,
				B9DA97BE2DC1472D00A4DA20 /* Release */,
			);
			defaultConfigurationIsVisible = 0;
			defaultConfigurationName = Release;
		};
		B9DA97BF2DC1472D00A4DA20 /* Build configuration list for PBXNativeTarget "iosAppSwiftUI" */ = {
			isa = XCConfigurationList;
			buildConfigurations = (
				B9DA97C02DC1472D00A4DA20 /* Debug */,
				B9DA97C12DC1472D00A4DA20 /* Release */,
			);
			defaultConfigurationIsVisible = 0;
			defaultConfigurationName = Release;
		};
/* End XCConfigurationList section */

/* Begin XCRemoteSwiftPackageReference section */
		9FC905494E2733CEC62F9D48 /* XCRemoteSwiftPackageReference "swift-snapshot-testing" */ = {
			isa = XCRemoteSwiftPackageReference;
			repositoryURL = "https://github.com/pointfreeco/swift-snapshot-testing.git";
			requirement = {
				kind = upToNextMajorVersion;
				minimumVersion = 1.17.0;
			};
		};
/* End XCRemoteSwiftPackageReference section */

/* Begin XCSwiftPackageProductDependency section */
		81B28293D8BF0DA70E23B3EB /* SnapshotTesting */ = {
			isa = XCSwiftPackageProductDependency;
			package = 9FC905494E2733CEC62F9D48 /* XCRemoteSwiftPackageReference "swift-snapshot-testing" */;
			productName = SnapshotTesting;
		};
/* End XCSwiftPackageProductDependency section */
	};
	rootObject = B9DA97A92DC1472C00A4DA20 /* Project object */;
}
